// !$*UTF8*$!
{
	archiveVersion = 1;
	classes = {
	};
	objectVersion = 55;
	objects = {

/* Begin PBXBuildFile section */
		D066B92227AFE134003BCD51 /* MediaBrowserAppDelegate.swift in Sources */ = {isa = PBXBuildFile; fileRef = D066B92127AFE134003BCD51 /* MediaBrowserAppDelegate.swift */; };
		D066B92427AFE134003BCD51 /* MediaBrowserViewController.swift in Sources */ = {isa = PBXBuildFile; fileRef = D066B92327AFE134003BCD51 /* MediaBrowserViewController.swift */; };
		D066B92627AFE136003BCD51 /* Assets.xcassets in Resources */ = {isa = PBXBuildFile; fileRef = D066B92527AFE136003BCD51 /* Assets.xcassets */; };
		D066B92927AFE136003BCD51 /* Main.storyboard in Resources */ = {isa = PBXBuildFile; fileRef = D066B92727AFE136003BCD51 /* Main.storyboard */; };
		D066B92E27AFE405003BCD51 /* BrowserView.swift in Sources */ = {isa = PBXBuildFile; fileRef = D02F46B5277867B600C959A4 /* BrowserView.swift */; };
		D066B92F27AFE405003BCD51 /* VideoLibrary.swift in Sources */ = {isa = PBXBuildFile; fileRef = D02F46B9277880AD00C959A4 /* VideoLibrary.swift */; };
		D066B93027AFE405003BCD51 /* GenericLibrary.swift in Sources */ = {isa = PBXBuildFile; fileRef = D02F46BD277881C100C959A4 /* GenericLibrary.swift */; };
		D066B93127AFE405003BCD51 /* ImageLibrary.swift in Sources */ = {isa = PBXBuildFile; fileRef = D02F46B7277868F100C959A4 /* ImageLibrary.swift */; };
		D066B93227AFE405003BCD51 /* AudioLibrary.swift in Sources */ = {isa = PBXBuildFile; fileRef = D02F46BB277880BA00C959A4 /* AudioLibrary.swift */; };
		D066B93327AFE405003BCD51 /* CustomViewFactory.swift in Sources */ = {isa = PBXBuildFile; fileRef = D0853A432779E34200987C23 /* CustomViewFactory.swift */; };
		D066B93527AFE62A003BCD51 /* BXMediaBrowser in Frameworks */ = {isa = PBXBuildFile; productRef = D066B93427AFE62A003BCD51 /* BXMediaBrowser */; };
		D066B95227B01F40003BCD51 /* DropTargetViewController.swift in Sources */ = {isa = PBXBuildFile; fileRef = D066B95127B01F40003BCD51 /* DropTargetViewController.swift */; };
		D089008427C62D3600A8E6DD /* LICENSE in Resources */ = {isa = PBXBuildFile; fileRef = D089008327C62D3600A8E6DD /* LICENSE */; };
/* End PBXBuildFile section */

/* Begin PBXFileReference section */
		D02F46B5277867B600C959A4 /* BrowserView.swift */ = {isa = PBXFileReference; lastKnownFileType = sourcecode.swift; path = BrowserView.swift; sourceTree = "<group>"; };
		D02F46B7277868F100C959A4 /* ImageLibrary.swift */ = {isa = PBXFileReference; lastKnownFileType = sourcecode.swift; path = ImageLibrary.swift; sourceTree = "<group>"; };
		D02F46B9277880AD00C959A4 /* VideoLibrary.swift */ = {isa = PBXFileReference; lastKnownFileType = sourcecode.swift; path = VideoLibrary.swift; sourceTree = "<group>"; };
		D02F46BB277880BA00C959A4 /* AudioLibrary.swift */ = {isa = PBXFileReference; lastKnownFileType = sourcecode.swift; path = AudioLibrary.swift; sourceTree = "<group>"; };
		D02F46BD277881C100C959A4 /* GenericLibrary.swift */ = {isa = PBXFileReference; lastKnownFileType = sourcecode.swift; path = GenericLibrary.swift; sourceTree = "<group>"; };
		D05F09E3277476550037C3E4 /* BXMediaBrowser */ = {isa = PBXFileReference; lastKnownFileType = wrapper; name = BXMediaBrowser; path = ../BXMediaBrowser; sourceTree = "<group>"; };
		D066B91F27AFE134003BCD51 /* BXMediaBrowserDemo.app */ = {isa = PBXFileReference; explicitFileType = wrapper.application; includeInIndex = 0; path = BXMediaBrowserDemo.app; sourceTree = BUILT_PRODUCTS_DIR; };
		D066B92127AFE134003BCD51 /* MediaBrowserAppDelegate.swift */ = {isa = PBXFileReference; lastKnownFileType = sourcecode.swift; path = MediaBrowserAppDelegate.swift; sourceTree = "<group>"; };
		D066B92327AFE134003BCD51 /* MediaBrowserViewController.swift */ = {isa = PBXFileReference; lastKnownFileType = sourcecode.swift; path = MediaBrowserViewController.swift; sourceTree = "<group>"; };
		D066B92527AFE136003BCD51 /* Assets.xcassets */ = {isa = PBXFileReference; lastKnownFileType = folder.assetcatalog; path = Assets.xcassets; sourceTree = "<group>"; };
		D066B92827AFE136003BCD51 /* Base */ = {isa = PBXFileReference; lastKnownFileType = file.storyboard; name = Base; path = Base.lproj/Main.storyboard; sourceTree = "<group>"; };
		D066B92A27AFE136003BCD51 /* BXMediaBrowserDemo.entitlements */ = {isa = PBXFileReference; lastKnownFileType = text.plist.entitlements; path = BXMediaBrowserDemo.entitlements; sourceTree = "<group>"; };
		D066B95127B01F40003BCD51 /* DropTargetViewController.swift */ = {isa = PBXFileReference; lastKnownFileType = sourcecode.swift; path = DropTargetViewController.swift; sourceTree = "<group>"; };
		D0853A432779E34200987C23 /* CustomViewFactory.swift */ = {isa = PBXFileReference; lastKnownFileType = sourcecode.swift; path = CustomViewFactory.swift; sourceTree = "<group>"; };
		D0853A45277B08EF00987C23 /* Info.plist */ = {isa = PBXFileReference; lastKnownFileType = text.plist; path = Info.plist; sourceTree = "<group>"; };
		D089008327C62D3600A8E6DD /* LICENSE */ = {isa = PBXFileReference; fileEncoding = 4; lastKnownFileType = text; path = LICENSE; sourceTree = SOURCE_ROOT; };
		D0A1B851275B882500BEA8E8 /* BXMediaBrowserDemo.entitlements */ = {isa = PBXFileReference; lastKnownFileType = text.plist.entitlements; path = BXMediaBrowserDemo.entitlements; sourceTree = "<group>"; };
/* End PBXFileReference section */

/* Begin PBXFrameworksBuildPhase section */
		D066B91C27AFE134003BCD51 /* Frameworks */ = {
			isa = PBXFrameworksBuildPhase;
			buildActionMask = 2147483647;
			files = (
				D066B93527AFE62A003BCD51 /* BXMediaBrowser in Frameworks */,
			);
			runOnlyForDeploymentPostprocessing = 0;
		};
/* End PBXFrameworksBuildPhase section */

/* Begin PBXGroup section */
		D066B92027AFE134003BCD51 /* BXMediaBrowserDemo */ = {
			isa = PBXGroup;
			children = (
				D089008327C62D3600A8E6DD /* LICENSE */,
				D0853A45277B08EF00987C23 /* Info.plist */,
				D0A1B851275B882500BEA8E8 /* BXMediaBrowserDemo.entitlements */,
				D066B92127AFE134003BCD51 /* MediaBrowserAppDelegate.swift */,
				D066B92327AFE134003BCD51 /* MediaBrowserViewController.swift */,
				D066B95127B01F40003BCD51 /* DropTargetViewController.swift */,
				D0853A432779E34200987C23 /* CustomViewFactory.swift */,
				D02F46B5277867B600C959A4 /* BrowserView.swift */,
				D02F46BD277881C100C959A4 /* GenericLibrary.swift */,
				D02F46B7277868F100C959A4 /* ImageLibrary.swift */,
				D02F46B9277880AD00C959A4 /* VideoLibrary.swift */,
				D02F46BB277880BA00C959A4 /* AudioLibrary.swift */,
				D066B92527AFE136003BCD51 /* Assets.xcassets */,
				D066B92727AFE136003BCD51 /* Main.storyboard */,
				D066B92A27AFE136003BCD51 /* BXMediaBrowserDemo.entitlements */,
			);
			path = BXMediaBrowserDemo;
			sourceTree = "<group>";
		};
		D0A1B83C275B882300BEA8E8 = {
			isa = PBXGroup;
			children = (
				D066B92027AFE134003BCD51 /* BXMediaBrowserDemo */,
				D0A1B846275B882300BEA8E8 /* Products */,
				D0D7F0B827735F1C00F0CCF2 /* Frameworks */,
			);
			sourceTree = "<group>";
		};
		D0A1B846275B882300BEA8E8 /* Products */ = {
			isa = PBXGroup;
			children = (
				D066B91F27AFE134003BCD51 /* BXMediaBrowserDemo.app */,
			);
			name = Products;
			sourceTree = "<group>";
		};
		D0D7F0B827735F1C00F0CCF2 /* Frameworks */ = {
			isa = PBXGroup;
			children = (
				D05F09E3277476550037C3E4 /* BXMediaBrowser */,
			);
			name = Frameworks;
			sourceTree = "<group>";
		};
/* End PBXGroup section */

/* Begin PBXNativeTarget section */
		D066B91E27AFE134003BCD51 /* BXMediaBrowserDemo */ = {
			isa = PBXNativeTarget;
			buildConfigurationList = D066B92B27AFE136003BCD51 /* Build configuration list for PBXNativeTarget "BXMediaBrowserDemo" */;
			buildPhases = (
				D066B91B27AFE134003BCD51 /* Sources */,
				D066B91C27AFE134003BCD51 /* Frameworks */,
				D066B91D27AFE134003BCD51 /* Resources */,
			);
			buildRules = (
			);
			dependencies = (
			);
			name = BXMediaBrowserDemo;
			packageProductDependencies = (
				D066B93427AFE62A003BCD51 /* BXMediaBrowser */,
			);
			productName = BXMediaBrowserDemo;
			productReference = D066B91F27AFE134003BCD51 /* BXMediaBrowserDemo.app */;
			productType = "com.apple.product-type.application";
		};
/* End PBXNativeTarget section */

/* Begin PBXProject section */
		D0A1B83D275B882300BEA8E8 /* Project object */ = {
			isa = PBXProject;
			attributes = {
				BuildIndependentTargetsInParallel = 1;
				LastSwiftUpdateCheck = 1320;
				LastUpgradeCheck = 1320;
				TargetAttributes = {
					D066B91E27AFE134003BCD51 = {
						CreatedOnToolsVersion = 13.2.1;
					};
				};
			};
			buildConfigurationList = D0A1B840275B882300BEA8E8 /* Build configuration list for PBXProject "BXMediaBrowserDemo" */;
			compatibilityVersion = "Xcode 13.0";
			developmentRegion = en;
			hasScannedForEncodings = 0;
			knownRegions = (
				en,
				Base,
			);
			mainGroup = D0A1B83C275B882300BEA8E8;
			packageReferences = (
				D05F09E02774761D0037C3E4 /* XCRemoteSwiftPackageReference "BXMediaBrowser" */,
				D09F1B1D27A5A23500097FA9 /* XCRemoteSwiftPackageReference "BXSwiftUI" */,
			);
			productRefGroup = D0A1B846275B882300BEA8E8 /* Products */;
			projectDirPath = "";
			projectRoot = "";
			targets = (
				D066B91E27AFE134003BCD51 /* BXMediaBrowserDemo */,
			);
		};
/* End PBXProject section */

/* Begin PBXResourcesBuildPhase section */
		D066B91D27AFE134003BCD51 /* Resources */ = {
			isa = PBXResourcesBuildPhase;
			buildActionMask = 2147483647;
			files = (
				D089008427C62D3600A8E6DD /* LICENSE in Resources */,
				D066B92627AFE136003BCD51 /* Assets.xcassets in Resources */,
				D066B92927AFE136003BCD51 /* Main.storyboard in Resources */,
			);
			runOnlyForDeploymentPostprocessing = 0;
		};
/* End PBXResourcesBuildPhase section */

/* Begin PBXSourcesBuildPhase section */
		D066B91B27AFE134003BCD51 /* Sources */ = {
			isa = PBXSourcesBuildPhase;
			buildActionMask = 2147483647;
			files = (
				D066B93327AFE405003BCD51 /* CustomViewFactory.swift in Sources */,
				D066B92427AFE134003BCD51 /* MediaBrowserViewController.swift in Sources */,
				D066B95227B01F40003BCD51 /* DropTargetViewController.swift in Sources */,
				D066B93127AFE405003BCD51 /* ImageLibrary.swift in Sources */,
				D066B92F27AFE405003BCD51 /* VideoLibrary.swift in Sources */,
				D066B93227AFE405003BCD51 /* AudioLibrary.swift in Sources */,
				D066B93027AFE405003BCD51 /* GenericLibrary.swift in Sources */,
				D066B92227AFE134003BCD51 /* MediaBrowserAppDelegate.swift in Sources */,
				D066B92E27AFE405003BCD51 /* BrowserView.swift in Sources */,
			);
			runOnlyForDeploymentPostprocessing = 0;
		};
/* End PBXSourcesBuildPhase section */

/* Begin PBXVariantGroup section */
		D066B92727AFE136003BCD51 /* Main.storyboard */ = {
			isa = PBXVariantGroup;
			children = (
				D066B92827AFE136003BCD51 /* Base */,
			);
			name = Main.storyboard;
			sourceTree = "<group>";
		};
/* End PBXVariantGroup section */

/* Begin XCBuildConfiguration section */
		D066B92C27AFE136003BCD51 /* Debug */ = {
			isa = XCBuildConfiguration;
			buildSettings = {
				ASSETCATALOG_COMPILER_APPICON_NAME = AppIcon;
				ASSETCATALOG_COMPILER_GLOBAL_ACCENT_COLOR_NAME = AccentColor;
				CODE_SIGN_ENTITLEMENTS = BXMediaBrowserDemo/BXMediaBrowserDemo.entitlements;
				CODE_SIGN_STYLE = Automatic;
				COMBINE_HIDPI_IMAGES = YES;
				CURRENT_PROJECT_VERSION = 1;
				DEVELOPMENT_TEAM = 6372P8EH2J;
				ENABLE_HARDENED_RUNTIME = YES;
				INFOPLIST_FILE = BXMediaBrowserDemo/Info.plist;
				INFOPLIST_KEY_NSHumanReadableCopyright = "";
				INFOPLIST_KEY_NSMainStoryboardFile = Main;
				INFOPLIST_KEY_NSPrincipalClass = NSApplication;
				LD_RUNPATH_SEARCH_PATHS = (
					"$(inherited)",
					"@executable_path/../Frameworks",
				);
				MARKETING_VERSION = 1.0;
				PRODUCT_BUNDLE_IDENTIFIER = com.boinx.BXMediaBrowserDemo;
				PRODUCT_NAME = "$(TARGET_NAME)";
				SWIFT_EMIT_LOC_STRINGS = YES;
				SWIFT_VERSION = 5.0;
			};
			name = Debug;
		};
		D066B92D27AFE136003BCD51 /* Release */ = {
			isa = XCBuildConfiguration;
			buildSettings = {
				ASSETCATALOG_COMPILER_APPICON_NAME = AppIcon;
				ASSETCATALOG_COMPILER_GLOBAL_ACCENT_COLOR_NAME = AccentColor;
				CODE_SIGN_ENTITLEMENTS = BXMediaBrowserDemo/BXMediaBrowserDemo.entitlements;
				CODE_SIGN_STYLE = Automatic;
				COMBINE_HIDPI_IMAGES = YES;
				CURRENT_PROJECT_VERSION = 1;
				DEVELOPMENT_TEAM = 6372P8EH2J;
				ENABLE_HARDENED_RUNTIME = YES;
				INFOPLIST_FILE = BXMediaBrowserDemo/Info.plist;
				INFOPLIST_KEY_NSHumanReadableCopyright = "";
				INFOPLIST_KEY_NSMainStoryboardFile = Main;
				INFOPLIST_KEY_NSPrincipalClass = NSApplication;
				LD_RUNPATH_SEARCH_PATHS = (
					"$(inherited)",
					"@executable_path/../Frameworks",
				);
				MARKETING_VERSION = 1.0;
				PRODUCT_BUNDLE_IDENTIFIER = com.boinx.BXMediaBrowserDemo;
				PRODUCT_NAME = "$(TARGET_NAME)";
				SWIFT_EMIT_LOC_STRINGS = YES;
				SWIFT_VERSION = 5.0;
			};
			name = Release;
		};
		D0A1B852275B882500BEA8E8 /* Debug */ = {
			isa = XCBuildConfiguration;
			buildSettings = {
				ALWAYS_SEARCH_USER_PATHS = NO;
				CLANG_ANALYZER_NONNULL = YES;
				CLANG_ANALYZER_NUMBER_OBJECT_CONVERSION = YES_AGGRESSIVE;
				CLANG_CXX_LANGUAGE_STANDARD = "gnu++17";
				CLANG_CXX_LIBRARY = "libc++";
				CLANG_ENABLE_MODULES = YES;
				CLANG_ENABLE_OBJC_ARC = YES;
				CLANG_ENABLE_OBJC_WEAK = YES;
				CLANG_WARN_BLOCK_CAPTURE_AUTORELEASING = YES;
				CLANG_WARN_BOOL_CONVERSION = YES;
				CLANG_WARN_COMMA = YES;
				CLANG_WARN_CONSTANT_CONVERSION = YES;
				CLANG_WARN_DEPRECATED_OBJC_IMPLEMENTATIONS = YES;
				CLANG_WARN_DIRECT_OBJC_ISA_USAGE = YES_ERROR;
				CLANG_WARN_DOCUMENTATION_COMMENTS = YES;
				CLANG_WARN_EMPTY_BODY = YES;
				CLANG_WARN_ENUM_CONVERSION = YES;
				CLANG_WARN_INFINITE_RECURSION = YES;
				CLANG_WARN_INT_CONVERSION = YES;
				CLANG_WARN_NON_LITERAL_NULL_CONVERSION = YES;
				CLANG_WARN_OBJC_IMPLICIT_RETAIN_SELF = YES;
				CLANG_WARN_OBJC_LITERAL_CONVERSION = YES;
				CLANG_WARN_OBJC_ROOT_CLASS = YES_ERROR;
				CLANG_WARN_QUOTED_INCLUDE_IN_FRAMEWORK_HEADER = YES;
				CLANG_WARN_RANGE_LOOP_ANALYSIS = YES;
				CLANG_WARN_STRICT_PROTOTYPES = YES;
				CLANG_WARN_SUSPICIOUS_MOVE = YES;
				CLANG_WARN_UNGUARDED_AVAILABILITY = YES_AGGRESSIVE;
				CLANG_WARN_UNREACHABLE_CODE = YES;
				CLANG_WARN__DUPLICATE_METHOD_MATCH = YES;
				COPY_PHASE_STRIP = NO;
				DEBUG_INFORMATION_FORMAT = dwarf;
				ENABLE_STRICT_OBJC_MSGSEND = YES;
				ENABLE_TESTABILITY = YES;
				GCC_C_LANGUAGE_STANDARD = gnu11;
				GCC_DYNAMIC_NO_PIC = NO;
				GCC_NO_COMMON_BLOCKS = YES;
				GCC_OPTIMIZATION_LEVEL = 0;
				GCC_PREPROCESSOR_DEFINITIONS = (
					"DEBUG=1",
					"$(inherited)",
				);
				GCC_WARN_64_TO_32_BIT_CONVERSION = YES;
				GCC_WARN_ABOUT_RETURN_TYPE = YES_ERROR;
				GCC_WARN_UNDECLARED_SELECTOR = YES;
				GCC_WARN_UNINITIALIZED_AUTOS = YES_AGGRESSIVE;
				GCC_WARN_UNUSED_FUNCTION = YES;
				GCC_WARN_UNUSED_VARIABLE = YES;
				IPHONEOS_DEPLOYMENT_TARGET = 13.2;
				MACOSX_DEPLOYMENT_TARGET = 10.15.2;
				MTL_ENABLE_DEBUG_INFO = INCLUDE_SOURCE;
				MTL_FAST_MATH = YES;
				ONLY_ACTIVE_ARCH = YES;
				SDKROOT = macosx;
				SWIFT_ACTIVE_COMPILATION_CONDITIONS = DEBUG;
				SWIFT_OPTIMIZATION_LEVEL = "-Onone";
			};
			name = Debug;
		};
		D0A1B853275B882500BEA8E8 /* Release */ = {
			isa = XCBuildConfiguration;
			buildSettings = {
				ALWAYS_SEARCH_USER_PATHS = NO;
				CLANG_ANALYZER_NONNULL = YES;
				CLANG_ANALYZER_NUMBER_OBJECT_CONVERSION = YES_AGGRESSIVE;
				CLANG_CXX_LANGUAGE_STANDARD = "gnu++17";
				CLANG_CXX_LIBRARY = "libc++";
				CLANG_ENABLE_MODULES = YES;
				CLANG_ENABLE_OBJC_ARC = YES;
				CLANG_ENABLE_OBJC_WEAK = YES;
				CLANG_WARN_BLOCK_CAPTURE_AUTORELEASING = YES;
				CLANG_WARN_BOOL_CONVERSION = YES;
				CLANG_WARN_COMMA = YES;
				CLANG_WARN_CONSTANT_CONVERSION = YES;
				CLANG_WARN_DEPRECATED_OBJC_IMPLEMENTATIONS = YES;
				CLANG_WARN_DIRECT_OBJC_ISA_USAGE = YES_ERROR;
				CLANG_WARN_DOCUMENTATION_COMMENTS = YES;
				CLANG_WARN_EMPTY_BODY = YES;
				CLANG_WARN_ENUM_CONVERSION = YES;
				CLANG_WARN_INFINITE_RECURSION = YES;
				CLANG_WARN_INT_CONVERSION = YES;
				CLANG_WARN_NON_LITERAL_NULL_CONVERSION = YES;
				CLANG_WARN_OBJC_IMPLICIT_RETAIN_SELF = YES;
				CLANG_WARN_OBJC_LITERAL_CONVERSION = YES;
				CLANG_WARN_OBJC_ROOT_CLASS = YES_ERROR;
				CLANG_WARN_QUOTED_INCLUDE_IN_FRAMEWORK_HEADER = YES;
				CLANG_WARN_RANGE_LOOP_ANALYSIS = YES;
				CLANG_WARN_STRICT_PROTOTYPES = YES;
				CLANG_WARN_SUSPICIOUS_MOVE = YES;
				CLANG_WARN_UNGUARDED_AVAILABILITY = YES_AGGRESSIVE;
				CLANG_WARN_UNREACHABLE_CODE = YES;
				CLANG_WARN__DUPLICATE_METHOD_MATCH = YES;
				COPY_PHASE_STRIP = NO;
				DEBUG_INFORMATION_FORMAT = "dwarf-with-dsym";
				ENABLE_NS_ASSERTIONS = NO;
				ENABLE_STRICT_OBJC_MSGSEND = YES;
				GCC_C_LANGUAGE_STANDARD = gnu11;
				GCC_NO_COMMON_BLOCKS = YES;
				GCC_WARN_64_TO_32_BIT_CONVERSION = YES;
				GCC_WARN_ABOUT_RETURN_TYPE = YES_ERROR;
				GCC_WARN_UNDECLARED_SELECTOR = YES;
				GCC_WARN_UNINITIALIZED_AUTOS = YES_AGGRESSIVE;
				GCC_WARN_UNUSED_FUNCTION = YES;
				GCC_WARN_UNUSED_VARIABLE = YES;
				IPHONEOS_DEPLOYMENT_TARGET = 13.2;
				MACOSX_DEPLOYMENT_TARGET = 10.15.2;
				MTL_ENABLE_DEBUG_INFO = NO;
				MTL_FAST_MATH = YES;
				SDKROOT = macosx;
				SWIFT_COMPILATION_MODE = wholemodule;
				SWIFT_OPTIMIZATION_LEVEL = "-O";
			};
			name = Release;
		};
/* End XCBuildConfiguration section */

/* Begin XCConfigurationList section */
		D066B92B27AFE136003BCD51 /* Build configuration list for PBXNativeTarget "BXMediaBrowserDemo" */ = {
			isa = XCConfigurationList;
			buildConfigurations = (
				D066B92C27AFE136003BCD51 /* Debug */,
				D066B92D27AFE136003BCD51 /* Release */,
			);
			defaultConfigurationIsVisible = 0;
			defaultConfigurationName = Release;
		};
		D0A1B840275B882300BEA8E8 /* Build configuration list for PBXProject "BXMediaBrowserDemo" */ = {
			isa = XCConfigurationList;
			buildConfigurations = (
				D0A1B852275B882500BEA8E8 /* Debug */,
				D0A1B853275B882500BEA8E8 /* Release */,
			);
			defaultConfigurationIsVisible = 0;
			defaultConfigurationName = Release;
		};
/* End XCConfigurationList section */

/* Begin XCRemoteSwiftPackageReference section */
		D05F09E02774761D0037C3E4 /* XCRemoteSwiftPackageReference "BXMediaBrowser" */ = {
			isa = XCRemoteSwiftPackageReference;
			repositoryURL = "git@github.com:boinx/BXMediaBrowser.git";
			requirement = {
				branch = main;
				kind = branch;
			};
		};
		D09F1B1D27A5A23500097FA9 /* XCRemoteSwiftPackageReference "BXSwiftUI" */ = {
			isa = XCRemoteSwiftPackageReference;
			repositoryURL = "git@github.com:boinx/BXSwiftUI.git";
			requirement = {
				branch = master;
				kind = branch;
			};
		};
/* End XCRemoteSwiftPackageReference section */

/* Begin XCSwiftPackageProductDependency section */
		D066B93427AFE62A003BCD51 /* BXMediaBrowser */ = {
			isa = XCSwiftPackageProductDependency;
			package = D05F09E02774761D0037C3E4 /* XCRemoteSwiftPackageReference "BXMediaBrowser" */;
			productName = BXMediaBrowser;
		};
/* End XCSwiftPackageProductDependency section */
	};
	rootObject = D0A1B83D275B882300BEA8E8 /* Project object */;
}
