// !$*UTF8*$!
{
	archiveVersion = 1;
	classes = {
	};
	objectVersion = 55;
	objects = {

/* Begin PBXBuildFile section */
		D00DF1C527F71F0F00DC1D27 /* OAuth2 in Frameworks */ = {isa = PBXBuildFile; productRef = D00DF1C427F71F0F00DC1D27 /* OAuth2 */; };
		D00EEAD6281FB65A008B2679 /* MediaBrowserApp.swift in Sources */ = {isa = PBXBuildFile; fileRef = D00EEAD5281FB65A008B2679 /* MediaBrowserApp.swift */; };
		D00EEAD8281FB65A008B2679 /* ContentView.swift in Sources */ = {isa = PBXBuildFile; fileRef = D00EEAD7281FB65A008B2679 /* ContentView.swift */; };
		D00EEADA281FB65C008B2679 /* Assets.xcassets in Resources */ = {isa = PBXBuildFile; fileRef = D00EEAD9281FB65C008B2679 /* Assets.xcassets */; };
		D00EEADD281FB65C008B2679 /* Preview Assets.xcassets in Resources */ = {isa = PBXBuildFile; fileRef = D00EEADC281FB65C008B2679 /* Preview Assets.xcassets */; };
		D00EEAE4281FBA40008B2679 /* OAuth2 in Frameworks */ = {isa = PBXBuildFile; productRef = D00EEAE3281FBA40008B2679 /* OAuth2 */; };
		D00EEAE6281FBA50008B2679 /* BXSwiftUI in Frameworks */ = {isa = PBXBuildFile; productRef = D00EEAE5281FBA50008B2679 /* BXSwiftUI */; };
		D00EEAE8281FBA54008B2679 /* BXSwiftUtils in Frameworks */ = {isa = PBXBuildFile; productRef = D00EEAE7281FBA54008B2679 /* BXSwiftUtils */; };
		D00EEAEA281FBA62008B2679 /* BXMediaBrowser in Frameworks */ = {isa = PBXBuildFile; productRef = D00EEAE9281FBA62008B2679 /* BXMediaBrowser */; };
		D066B92227AFE134003BCD51 /* MediaBrowserAppDelegate.swift in Sources */ = {isa = PBXBuildFile; fileRef = D066B92127AFE134003BCD51 /* MediaBrowserAppDelegate.swift */; };
		D066B92427AFE134003BCD51 /* MediaBrowserViewController.swift in Sources */ = {isa = PBXBuildFile; fileRef = D066B92327AFE134003BCD51 /* MediaBrowserViewController.swift */; };
		D066B92627AFE136003BCD51 /* Assets.xcassets in Resources */ = {isa = PBXBuildFile; fileRef = D066B92527AFE136003BCD51 /* Assets.xcassets */; };
		D066B92927AFE136003BCD51 /* Main.storyboard in Resources */ = {isa = PBXBuildFile; fileRef = D066B92727AFE136003BCD51 /* Main.storyboard */; };
		D066B92E27AFE405003BCD51 /* BrowserView.swift in Sources */ = {isa = PBXBuildFile; fileRef = D02F46B5277867B600C959A4 /* BrowserView.swift */; };
		D066B92F27AFE405003BCD51 /* VideoLibrary.swift in Sources */ = {isa = PBXBuildFile; fileRef = D02F46B9277880AD00C959A4 /* VideoLibrary.swift */; };
		D066B93027AFE405003BCD51 /* GenericLibrary.swift in Sources */ = {isa = PBXBuildFile; fileRef = D02F46BD277881C100C959A4 /* GenericLibrary.swift */; };
		D066B93127AFE405003BCD51 /* ImageLibrary.swift in Sources */ = {isa = PBXBuildFile; fileRef = D02F46B7277868F100C959A4 /* ImageLibrary.swift */; };
		D066B93227AFE405003BCD51 /* AudioLibrary.swift in Sources */ = {isa = PBXBuildFile; fileRef = D02F46BB277880BA00C959A4 /* AudioLibrary.swift */; };
		D066B93327AFE405003BCD51 /* CustomViewFactory.swift in Sources */ = {isa = PBXBuildFile; fileRef = D0853A432779E34200987C23 /* CustomViewFactory.swift */; };
		D066B93527AFE62A003BCD51 /* BXMediaBrowser in Frameworks */ = {isa = PBXBuildFile; productRef = D066B93427AFE62A003BCD51 /* BXMediaBrowser */; };
		D066B95227B01F40003BCD51 /* DropTargetViewController.swift in Sources */ = {isa = PBXBuildFile; fileRef = D066B95127B01F40003BCD51 /* DropTargetViewController.swift */; };
		D0B2C71227C6A00C00278209 /* BXSwiftUtils in Frameworks */ = {isa = PBXBuildFile; productRef = D0B2C71127C6A00C00278209 /* BXSwiftUtils */; };
/* End PBXBuildFile section */

/* Begin PBXFileReference section */
		D00EEACE281FB4F7008B2679 /* BXMediaBrowser */ = {isa = PBXFileReference; lastKnownFileType = wrapper; name = BXMediaBrowser; path = ../BXMediaBrowser; sourceTree = "<group>"; };
		D00EEAD3281FB659008B2679 /* BXMediaBrowserDemoIOS.app */ = {isa = PBXFileReference; explicitFileType = wrapper.application; includeInIndex = 0; path = BXMediaBrowserDemoIOS.app; sourceTree = BUILT_PRODUCTS_DIR; };
		D00EEAD5281FB65A008B2679 /* MediaBrowserApp.swift */ = {isa = PBXFileReference; lastKnownFileType = sourcecode.swift; path = MediaBrowserApp.swift; sourceTree = "<group>"; };
		D00EEAD7281FB65A008B2679 /* ContentView.swift */ = {isa = PBXFileReference; lastKnownFileType = sourcecode.swift; path = ContentView.swift; sourceTree = "<group>"; };
		D00EEAD9281FB65C008B2679 /* Assets.xcassets */ = {isa = PBXFileReference; lastKnownFileType = folder.assetcatalog; path = Assets.xcassets; sourceTree = "<group>"; };
		D00EEADC281FB65C008B2679 /* Preview Assets.xcassets */ = {isa = PBXFileReference; lastKnownFileType = folder.assetcatalog; path = "Preview Assets.xcassets"; sourceTree = "<group>"; };
		D02F46B5277867B600C959A4 /* BrowserView.swift */ = {isa = PBXFileReference; lastKnownFileType = sourcecode.swift; path = BrowserView.swift; sourceTree = "<group>"; };
		D02F46B7277868F100C959A4 /* ImageLibrary.swift */ = {isa = PBXFileReference; lastKnownFileType = sourcecode.swift; path = ImageLibrary.swift; sourceTree = "<group>"; };
		D02F46B9277880AD00C959A4 /* VideoLibrary.swift */ = {isa = PBXFileReference; lastKnownFileType = sourcecode.swift; path = VideoLibrary.swift; sourceTree = "<group>"; };
		D02F46BB277880BA00C959A4 /* AudioLibrary.swift */ = {isa = PBXFileReference; lastKnownFileType = sourcecode.swift; path = AudioLibrary.swift; sourceTree = "<group>"; };
		D02F46BD277881C100C959A4 /* GenericLibrary.swift */ = {isa = PBXFileReference; lastKnownFileType = sourcecode.swift; path = GenericLibrary.swift; sourceTree = "<group>"; };
		D066B91F27AFE134003BCD51 /* BXMediaBrowserDemoMac.app */ = {isa = PBXFileReference; explicitFileType = wrapper.application; includeInIndex = 0; path = BXMediaBrowserDemoMac.app; sourceTree = BUILT_PRODUCTS_DIR; };
		D066B92127AFE134003BCD51 /* MediaBrowserAppDelegate.swift */ = {isa = PBXFileReference; lastKnownFileType = sourcecode.swift; path = MediaBrowserAppDelegate.swift; sourceTree = "<group>"; };
		D066B92327AFE134003BCD51 /* MediaBrowserViewController.swift */ = {isa = PBXFileReference; lastKnownFileType = sourcecode.swift; path = MediaBrowserViewController.swift; sourceTree = "<group>"; };
		D066B92527AFE136003BCD51 /* Assets.xcassets */ = {isa = PBXFileReference; lastKnownFileType = folder.assetcatalog; path = Assets.xcassets; sourceTree = "<group>"; };
		D066B92827AFE136003BCD51 /* Base */ = {isa = PBXFileReference; lastKnownFileType = file.storyboard; name = Base; path = Base.lproj/Main.storyboard; sourceTree = "<group>"; };
		D066B92A27AFE136003BCD51 /* BXMediaBrowserDemo.entitlements */ = {isa = PBXFileReference; lastKnownFileType = text.plist.entitlements; path = BXMediaBrowserDemo.entitlements; sourceTree = "<group>"; };
		D066B95127B01F40003BCD51 /* DropTargetViewController.swift */ = {isa = PBXFileReference; lastKnownFileType = sourcecode.swift; path = DropTargetViewController.swift; sourceTree = "<group>"; };
		D0853A432779E34200987C23 /* CustomViewFactory.swift */ = {isa = PBXFileReference; lastKnownFileType = sourcecode.swift; path = CustomViewFactory.swift; sourceTree = "<group>"; };
		D0853A45277B08EF00987C23 /* Info.plist */ = {isa = PBXFileReference; lastKnownFileType = text.plist.xml; path = Info.plist; sourceTree = "<group>"; };
		D089008327C62D3600A8E6DD /* LICENSE */ = {isa = PBXFileReference; fileEncoding = 4; lastKnownFileType = text; path = LICENSE; sourceTree = SOURCE_ROOT; };
		D089008527C64F4A00A8E6DD /* README.md */ = {isa = PBXFileReference; fileEncoding = 4; lastKnownFileType = net.daringfireball.markdown; path = README.md; sourceTree = SOURCE_ROOT; };
		D0B2C71427C6BE0700278209 /* en */ = {isa = PBXFileReference; lastKnownFileType = text.plist.strings; name = en; path = en.lproj/Main.strings; sourceTree = "<group>"; };
		D0B2C71827C6BEB000278209 /* de */ = {isa = PBXFileReference; lastKnownFileType = text.plist.strings; name = de; path = de.lproj/Main.strings; sourceTree = "<group>"; };
		D0B2C71C27C6BEE300278209 /* fr */ = {isa = PBXFileReference; lastKnownFileType = text.plist.strings; name = fr; path = fr.lproj/Main.strings; sourceTree = "<group>"; };
/* End PBXFileReference section */

/* Begin PBXFrameworksBuildPhase section */
		D00EEAD0281FB659008B2679 /* Frameworks */ = {
			isa = PBXFrameworksBuildPhase;
			buildActionMask = 2147483647;
			files = (
				D00EEAEA281FBA62008B2679 /* BXMediaBrowser in Frameworks */,
				D00EEAE8281FBA54008B2679 /* BXSwiftUtils in Frameworks */,
				D00EEAE6281FBA50008B2679 /* BXSwiftUI in Frameworks */,
				D00EEAE4281FBA40008B2679 /* OAuth2 in Frameworks */,
			);
			runOnlyForDeploymentPostprocessing = 0;
		};
		D066B91C27AFE134003BCD51 /* Frameworks */ = {
			isa = PBXFrameworksBuildPhase;
			buildActionMask = 2147483647;
			files = (
				D00DF1C527F71F0F00DC1D27 /* OAuth2 in Frameworks */,
				D0B2C71227C6A00C00278209 /* BXSwiftUtils in Frameworks */,
				D066B93527AFE62A003BCD51 /* BXMediaBrowser in Frameworks */,
			);
			runOnlyForDeploymentPostprocessing = 0;
		};
/* End PBXFrameworksBuildPhase section */

/* Begin PBXGroup section */
		D00EEAD4281FB65A008B2679 /* iOS */ = {
			isa = PBXGroup;
			children = (
				D00EEAD5281FB65A008B2679 /* MediaBrowserApp.swift */,
				D00EEAD7281FB65A008B2679 /* ContentView.swift */,
				D00EEAD9281FB65C008B2679 /* Assets.xcassets */,
				D00EEADB281FB65C008B2679 /* Preview Content */,
			);
			path = iOS;
			sourceTree = "<group>";
		};
		D00EEADB281FB65C008B2679 /* Preview Content */ = {
			isa = PBXGroup;
			children = (
				D00EEADC281FB65C008B2679 /* Preview Assets.xcassets */,
			);
			path = "Preview Content";
			sourceTree = "<group>";
		};
		D066B92027AFE134003BCD51 /* macOS */ = {
			isa = PBXGroup;
			children = (
				D0853A45277B08EF00987C23 /* Info.plist */,
				D066B92727AFE136003BCD51 /* Main.storyboard */,
				D066B92A27AFE136003BCD51 /* BXMediaBrowserDemo.entitlements */,
				D066B92127AFE134003BCD51 /* MediaBrowserAppDelegate.swift */,
				D066B92327AFE134003BCD51 /* MediaBrowserViewController.swift */,
				D066B95127B01F40003BCD51 /* DropTargetViewController.swift */,
				D0853A432779E34200987C23 /* CustomViewFactory.swift */,
				D02F46B5277867B600C959A4 /* BrowserView.swift */,
				D02F46BD277881C100C959A4 /* GenericLibrary.swift */,
				D02F46B7277868F100C959A4 /* ImageLibrary.swift */,
				D02F46B9277880AD00C959A4 /* VideoLibrary.swift */,
				D02F46BB277880BA00C959A4 /* AudioLibrary.swift */,
				D066B92527AFE136003BCD51 /* Assets.xcassets */,
			);
			path = macOS;
			sourceTree = "<group>";
		};
		D0A1B83C275B882300BEA8E8 = {
			isa = PBXGroup;
			children = (
				D089008327C62D3600A8E6DD /* LICENSE */,
				D089008527C64F4A00A8E6DD /* README.md */,
				D066B92027AFE134003BCD51 /* macOS */,
				D00EEAD4281FB65A008B2679 /* iOS */,
				D0A1B846275B882300BEA8E8 /* Products */,
				D0D7F0B827735F1C00F0CCF2 /* Frameworks */,
			);
			sourceTree = "<group>";
		};
		D0A1B846275B882300BEA8E8 /* Products */ = {
			isa = PBXGroup;
			children = (
				D066B91F27AFE134003BCD51 /* BXMediaBrowserDemoMac.app */,
				D00EEAD3281FB659008B2679 /* BXMediaBrowserDemoIOS.app */,
			);
			name = Products;
			sourceTree = "<group>";
		};
		D0D7F0B827735F1C00F0CCF2 /* Frameworks */ = {
			isa = PBXGroup;
			children = (
				D00EEACE281FB4F7008B2679 /* BXMediaBrowser */,
			);
			name = Frameworks;
			sourceTree = "<group>";
		};
/* End PBXGroup section */

/* Begin PBXNativeTarget section */
		D00EEAD2281FB659008B2679 /* BXMediaBrowserDemoIOS */ = {
			isa = PBXNativeTarget;
			buildConfigurationList = D00EEADE281FB65C008B2679 /* Build configuration list for PBXNativeTarget "BXMediaBrowserDemoIOS" */;
			buildPhases = (
				D00EEACF281FB659008B2679 /* Sources */,
				D00EEAD0281FB659008B2679 /* Frameworks */,
				D00EEAD1281FB659008B2679 /* Resources */,
			);
			buildRules = (
			);
			dependencies = (
			);
			name = BXMediaBrowserDemoIOS;
			packageProductDependencies = (
				D00EEAE3281FBA40008B2679 /* OAuth2 */,
				D00EEAE5281FBA50008B2679 /* BXSwiftUI */,
				D00EEAE7281FBA54008B2679 /* BXSwiftUtils */,
				D00EEAE9281FBA62008B2679 /* BXMediaBrowser */,
			);
			productName = com.boinx.BXMediaBrowser.demo.iOS;
			productReference = D00EEAD3281FB659008B2679 /* BXMediaBrowserDemoIOS.app */;
			productType = "com.apple.product-type.application";
		};
		D066B91E27AFE134003BCD51 /* BXMediaBrowserDemoMac */ = {
			isa = PBXNativeTarget;
			buildConfigurationList = D066B92B27AFE136003BCD51 /* Build configuration list for PBXNativeTarget "BXMediaBrowserDemoMac" */;
			buildPhases = (
				D066B91B27AFE134003BCD51 /* Sources */,
				D066B91C27AFE134003BCD51 /* Frameworks */,
				D066B91D27AFE134003BCD51 /* Resources */,
			);
			buildRules = (
			);
			dependencies = (
			);
			name = BXMediaBrowserDemoMac;
			packageProductDependencies = (
				D066B93427AFE62A003BCD51 /* BXMediaBrowser */,
				D0B2C71127C6A00C00278209 /* BXSwiftUtils */,
				D00DF1C427F71F0F00DC1D27 /* OAuth2 */,
			);
			productName = BXMediaBrowserDemo;
			productReference = D066B91F27AFE134003BCD51 /* BXMediaBrowserDemoMac.app */;
			productType = "com.apple.product-type.application";
		};
/* End PBXNativeTarget section */

/* Begin PBXProject section */
		D0A1B83D275B882300BEA8E8 /* Project object */ = {
			isa = PBXProject;
			attributes = {
				BuildIndependentTargetsInParallel = 1;
				LastSwiftUpdateCheck = 1330;
				LastUpgradeCheck = 1320;
				TargetAttributes = {
					D00EEAD2281FB659008B2679 = {
						CreatedOnToolsVersion = 13.3.1;
					};
					D066B91E27AFE134003BCD51 = {
						CreatedOnToolsVersion = 13.2.1;
					};
				};
			};
			buildConfigurationList = D0A1B840275B882300BEA8E8 /* Build configuration list for PBXProject "BXMediaBrowserDemo" */;
			compatibilityVersion = "Xcode 13.0";
			developmentRegion = en;
			hasScannedForEncodings = 0;
			knownRegions = (
				en,
				Base,
				de,
				fr,
			);
			mainGroup = D0A1B83C275B882300BEA8E8;
			packageReferences = (
				D05F09E02774761D0037C3E4 /* XCRemoteSwiftPackageReference "BXMediaBrowser" */,
				D09F1B1D27A5A23500097FA9 /* XCRemoteSwiftPackageReference "BXSwiftUI" */,
				D0B2C71027C6A00C00278209 /* XCRemoteSwiftPackageReference "BXSwiftUtils" */,
				D00DF1C327F71F0F00DC1D27 /* XCRemoteSwiftPackageReference "OAuth2" */,
			);
			productRefGroup = D0A1B846275B882300BEA8E8 /* Products */;
			projectDirPath = "";
			projectRoot = "";
			targets = (
				D066B91E27AFE134003BCD51 /* BXMediaBrowserDemoMac */,
				D00EEAD2281FB659008B2679 /* BXMediaBrowserDemoIOS */,
			);
		};
/* End PBXProject section */

/* Begin PBXResourcesBuildPhase section */
		D00EEAD1281FB659008B2679 /* Resources */ = {
			isa = PBXResourcesBuildPhase;
			buildActionMask = 2147483647;
			files = (
				D00EEADD281FB65C008B2679 /* Preview Assets.xcassets in Resources */,
				D00EEADA281FB65C008B2679 /* Assets.xcassets in Resources */,
			);
			runOnlyForDeploymentPostprocessing = 0;
		};
		D066B91D27AFE134003BCD51 /* Resources */ = {
			isa = PBXResourcesBuildPhase;
			buildActionMask = 2147483647;
			files = (
				D066B92627AFE136003BCD51 /* Assets.xcassets in Resources */,
				D066B92927AFE136003BCD51 /* Main.storyboard in Resources */,
			);
			runOnlyForDeploymentPostprocessing = 0;
		};
/* End PBXResourcesBuildPhase section */

/* Begin PBXSourcesBuildPhase section */
		D00EEACF281FB659008B2679 /* Sources */ = {
			isa = PBXSourcesBuildPhase;
			buildActionMask = 2147483647;
			files = (
				D00EEAD8281FB65A008B2679 /* ContentView.swift in Sources */,
				D00EEAD6281FB65A008B2679 /* MediaBrowserApp.swift in Sources */,
			);
			runOnlyForDeploymentPostprocessing = 0;
		};
		D066B91B27AFE134003BCD51 /* Sources */ = {
			isa = PBXSourcesBuildPhase;
			buildActionMask = 2147483647;
			files = (
				D066B93327AFE405003BCD51 /* CustomViewFactory.swift in Sources */,
				D066B92427AFE134003BCD51 /* MediaBrowserViewController.swift in Sources */,
				D066B95227B01F40003BCD51 /* DropTargetViewController.swift in Sources */,
				D066B93127AFE405003BCD51 /* ImageLibrary.swift in Sources */,
				D066B92F27AFE405003BCD51 /* VideoLibrary.swift in Sources */,
				D066B93227AFE405003BCD51 /* AudioLibrary.swift in Sources */,
				D066B93027AFE405003BCD51 /* GenericLibrary.swift in Sources */,
				D066B92227AFE134003BCD51 /* MediaBrowserAppDelegate.swift in Sources */,
				D066B92E27AFE405003BCD51 /* BrowserView.swift in Sources */,
			);
			runOnlyForDeploymentPostprocessing = 0;
		};
/* End PBXSourcesBuildPhase section */

/* Begin PBXVariantGroup section */
		D066B92727AFE136003BCD51 /* Main.storyboard */ = {
			isa = PBXVariantGroup;
			children = (
				D066B92827AFE136003BCD51 /* Base */,
				D0B2C71427C6BE0700278209 /* en */,
				D0B2C71827C6BEB000278209 /* de */,
				D0B2C71C27C6BEE300278209 /* fr */,
			);
			name = Main.storyboard;
			sourceTree = "<group>";
		};
/* End PBXVariantGroup section */

/* Begin XCBuildConfiguration section */
		D00EEADF281FB65C008B2679 /* Debug */ = {
			isa = XCBuildConfiguration;
			buildSettings = {
				ASSETCATALOG_COMPILER_APPICON_NAME = AppIcon;
				ASSETCATALOG_COMPILER_GLOBAL_ACCENT_COLOR_NAME = AccentColor;
				CODE_SIGN_STYLE = Automatic;
				CURRENT_PROJECT_VERSION = 1;
				DEVELOPMENT_ASSET_PATHS = "\"iOS/Preview Content\"";
				DEVELOPMENT_TEAM = 6372P8EH2J;
				ENABLE_PREVIEWS = YES;
				GENERATE_INFOPLIST_FILE = YES;
				INFOPLIST_KEY_UIApplicationSceneManifest_Generation = YES;
				INFOPLIST_KEY_UIApplicationSupportsIndirectInputEvents = YES;
				INFOPLIST_KEY_UILaunchScreen_Generation = YES;
				INFOPLIST_KEY_UISupportedInterfaceOrientations_iPad = "UIInterfaceOrientationPortrait UIInterfaceOrientationPortraitUpsideDown UIInterfaceOrientationLandscapeLeft UIInterfaceOrientationLandscapeRight";
				INFOPLIST_KEY_UISupportedInterfaceOrientations_iPhone = "UIInterfaceOrientationPortrait UIInterfaceOrientationLandscapeLeft UIInterfaceOrientationLandscapeRight";
				IPHONEOS_DEPLOYMENT_TARGET = 14.0;
				LD_RUNPATH_SEARCH_PATHS = (
					"$(inherited)",
					"@executable_path/Frameworks",
				);
				MARKETING_VERSION = 1.0;
				PRODUCT_BUNDLE_IDENTIFIER = com.boinx.BXMediaBrowser.demo.iOS;
				PRODUCT_NAME = "$(TARGET_NAME)";
				SDKROOT = iphoneos;
				SWIFT_EMIT_LOC_STRINGS = YES;
				SWIFT_VERSION = 5.0;
				TARGETED_DEVICE_FAMILY = "1,2";
			};
			name = Debug;
		};
		D00EEAE0281FB65C008B2679 /* Release */ = {
			isa = XCBuildConfiguration;
			buildSettings = {
				ASSETCATALOG_COMPILER_APPICON_NAME = AppIcon;
				ASSETCATALOG_COMPILER_GLOBAL_ACCENT_COLOR_NAME = AccentColor;
				CODE_SIGN_STYLE = Automatic;
				CURRENT_PROJECT_VERSION = 1;
				DEVELOPMENT_ASSET_PATHS = "\"iOS/Preview Content\"";
				DEVELOPMENT_TEAM = 6372P8EH2J;
				ENABLE_PREVIEWS = YES;
				GENERATE_INFOPLIST_FILE = YES;
				INFOPLIST_KEY_UIApplicationSceneManifest_Generation = YES;
				INFOPLIST_KEY_UIApplicationSupportsIndirectInputEvents = YES;
				INFOPLIST_KEY_UILaunchScreen_Generation = YES;
				INFOPLIST_KEY_UISupportedInterfaceOrientations_iPad = "UIInterfaceOrientationPortrait UIInterfaceOrientationPortraitUpsideDown UIInterfaceOrientationLandscapeLeft UIInterfaceOrientationLandscapeRight";
				INFOPLIST_KEY_UISupportedInterfaceOrientations_iPhone = "UIInterfaceOrientationPortrait UIInterfaceOrientationLandscapeLeft UIInterfaceOrientationLandscapeRight";
				IPHONEOS_DEPLOYMENT_TARGET = 14.0;
				LD_RUNPATH_SEARCH_PATHS = (
					"$(inherited)",
					"@executable_path/Frameworks",
				);
				MARKETING_VERSION = 1.0;
				PRODUCT_BUNDLE_IDENTIFIER = com.boinx.BXMediaBrowser.demo.iOS;
				PRODUCT_NAME = "$(TARGET_NAME)";
				SDKROOT = iphoneos;
				SWIFT_EMIT_LOC_STRINGS = YES;
				SWIFT_VERSION = 5.0;
				TARGETED_DEVICE_FAMILY = "1,2";
				VALIDATE_PRODUCT = YES;
			};
			name = Release;
		};
		D066B92C27AFE136003BCD51 /* Debug */ = {
			isa = XCBuildConfiguration;
			buildSettings = {
				ASSETCATALOG_COMPILER_APPICON_NAME = AppIcon;
				ASSETCATALOG_COMPILER_GLOBAL_ACCENT_COLOR_NAME = AccentColor;
				CODE_SIGN_ENTITLEMENTS = macOS/BXMediaBrowserDemo.entitlements;
				CODE_SIGN_STYLE = Automatic;
				COMBINE_HIDPI_IMAGES = YES;
				CURRENT_PROJECT_VERSION = 1;
				DEVELOPMENT_TEAM = 6372P8EH2J;
				ENABLE_HARDENED_RUNTIME = YES;
				INFOPLIST_FILE = macOS/Info.plist;
				INFOPLIST_KEY_NSHumanReadableCopyright = "";
				INFOPLIST_KEY_NSMainStoryboardFile = Main;
				INFOPLIST_KEY_NSPrincipalClass = NSApplication;
				LD_RUNPATH_SEARCH_PATHS = (
					"$(inherited)",
					"@executable_path/../Frameworks",
				);
				MARKETING_VERSION = 1.0;
				PRODUCT_BUNDLE_IDENTIFIER = com.boinx.BXMediaBrowserDemo;
				PRODUCT_NAME = "$(TARGET_NAME)";
				SWIFT_EMIT_LOC_STRINGS = YES;
				SWIFT_VERSION = 5.0;
			};
			name = Debug;
		};
		D066B92D27AFE136003BCD51 /* Release */ = {
			isa = XCBuildConfiguration;
			buildSettings = {
				ASSETCATALOG_COMPILER_APPICON_NAME = AppIcon;
				ASSETCATALOG_COMPILER_GLOBAL_ACCENT_COLOR_NAME = AccentColor;
				CODE_SIGN_ENTITLEMENTS = macOS/BXMediaBrowserDemo.entitlements;
				CODE_SIGN_STYLE = Automatic;
				COMBINE_HIDPI_IMAGES = YES;
				CURRENT_PROJECT_VERSION = 1;
				DEVELOPMENT_TEAM = 6372P8EH2J;
				ENABLE_HARDENED_RUNTIME = YES;
				INFOPLIST_FILE = macOS/Info.plist;
				INFOPLIST_KEY_NSHumanReadableCopyright = "";
				INFOPLIST_KEY_NSMainStoryboardFile = Main;
				INFOPLIST_KEY_NSPrincipalClass = NSApplication;
				LD_RUNPATH_SEARCH_PATHS = (
					"$(inherited)",
					"@executable_path/../Frameworks",
				);
				MARKETING_VERSION = 1.0;
				PRODUCT_BUNDLE_IDENTIFIER = com.boinx.BXMediaBrowserDemo;
				PRODUCT_NAME = "$(TARGET_NAME)";
				SWIFT_EMIT_LOC_STRINGS = YES;
				SWIFT_VERSION = 5.0;
			};
			name = Release;
		};
		D0A1B852275B882500BEA8E8 /* Debug */ = {
			isa = XCBuildConfiguration;
			buildSettings = {
				ALWAYS_SEARCH_USER_PATHS = NO;
				CLANG_ANALYZER_NONNULL = YES;
				CLANG_ANALYZER_NUMBER_OBJECT_CONVERSION = YES_AGGRESSIVE;
				CLANG_CXX_LANGUAGE_STANDARD = "gnu++17";
				CLANG_CXX_LIBRARY = "libc++";
				CLANG_ENABLE_MODULES = YES;
				CLANG_ENABLE_OBJC_ARC = YES;
				CLANG_ENABLE_OBJC_WEAK = YES;
				CLANG_WARN_BLOCK_CAPTURE_AUTORELEASING = YES;
				CLANG_WARN_BOOL_CONVERSION = YES;
				CLANG_WARN_COMMA = YES;
				CLANG_WARN_CONSTANT_CONVERSION = YES;
				CLANG_WARN_DEPRECATED_OBJC_IMPLEMENTATIONS = YES;
				CLANG_WARN_DIRECT_OBJC_ISA_USAGE = YES_ERROR;
				CLANG_WARN_DOCUMENTATION_COMMENTS = YES;
				CLANG_WARN_EMPTY_BODY = YES;
				CLANG_WARN_ENUM_CONVERSION = YES;
				CLANG_WARN_INFINITE_RECURSION = YES;
				CLANG_WARN_INT_CONVERSION = YES;
				CLANG_WARN_NON_LITERAL_NULL_CONVERSION = YES;
				CLANG_WARN_OBJC_IMPLICIT_RETAIN_SELF = YES;
				CLANG_WARN_OBJC_LITERAL_CONVERSION = YES;
				CLANG_WARN_OBJC_ROOT_CLASS = YES_ERROR;
				CLANG_WARN_QUOTED_INCLUDE_IN_FRAMEWORK_HEADER = YES;
				CLANG_WARN_RANGE_LOOP_ANALYSIS = YES;
				CLANG_WARN_STRICT_PROTOTYPES = YES;
				CLANG_WARN_SUSPICIOUS_MOVE = YES;
				CLANG_WARN_UNGUARDED_AVAILABILITY = YES_AGGRESSIVE;
				CLANG_WARN_UNREACHABLE_CODE = YES;
				CLANG_WARN__DUPLICATE_METHOD_MATCH = YES;
				COPY_PHASE_STRIP = NO;
				DEBUG_INFORMATION_FORMAT = dwarf;
				ENABLE_STRICT_OBJC_MSGSEND = YES;
				ENABLE_TESTABILITY = YES;
				GCC_C_LANGUAGE_STANDARD = gnu11;
				GCC_DYNAMIC_NO_PIC = NO;
				GCC_NO_COMMON_BLOCKS = YES;
				GCC_OPTIMIZATION_LEVEL = 0;
				GCC_PREPROCESSOR_DEFINITIONS = (
					"DEBUG=1",
					"$(inherited)",
				);
				GCC_WARN_64_TO_32_BIT_CONVERSION = YES;
				GCC_WARN_ABOUT_RETURN_TYPE = YES_ERROR;
				GCC_WARN_UNDECLARED_SELECTOR = YES;
				GCC_WARN_UNINITIALIZED_AUTOS = YES_AGGRESSIVE;
				GCC_WARN_UNUSED_FUNCTION = YES;
				GCC_WARN_UNUSED_VARIABLE = YES;
				IPHONEOS_DEPLOYMENT_TARGET = 13.2;
				MACOSX_DEPLOYMENT_TARGET = 10.15.2;
				MTL_ENABLE_DEBUG_INFO = INCLUDE_SOURCE;
				MTL_FAST_MATH = YES;
				ONLY_ACTIVE_ARCH = YES;
				SDKROOT = macosx;
				SWIFT_ACTIVE_COMPILATION_CONDITIONS = DEBUG;
				SWIFT_OPTIMIZATION_LEVEL = "-Onone";
			};
			name = Debug;
		};
		D0A1B853275B882500BEA8E8 /* Release */ = {
			isa = XCBuildConfiguration;
			buildSettings = {
				ALWAYS_SEARCH_USER_PATHS = NO;
				CLANG_ANALYZER_NONNULL = YES;
				CLANG_ANALYZER_NUMBER_OBJECT_CONVERSION = YES_AGGRESSIVE;
				CLANG_CXX_LANGUAGE_STANDARD = "gnu++17";
				CLANG_CXX_LIBRARY = "libc++";
				CLANG_ENABLE_MODULES = YES;
				CLANG_ENABLE_OBJC_ARC = YES;
				CLANG_ENABLE_OBJC_WEAK = YES;
				CLANG_WARN_BLOCK_CAPTURE_AUTORELEASING = YES;
				CLANG_WARN_BOOL_CONVERSION = YES;
				CLANG_WARN_COMMA = YES;
				CLANG_WARN_CONSTANT_CONVERSION = YES;
				CLANG_WARN_DEPRECATED_OBJC_IMPLEMENTATIONS = YES;
				CLANG_WARN_DIRECT_OBJC_ISA_USAGE = YES_ERROR;
				CLANG_WARN_DOCUMENTATION_COMMENTS = YES;
				CLANG_WARN_EMPTY_BODY = YES;
				CLANG_WARN_ENUM_CONVERSION = YES;
				CLANG_WARN_INFINITE_RECURSION = YES;
				CLANG_WARN_INT_CONVERSION = YES;
				CLANG_WARN_NON_LITERAL_NULL_CONVERSION = YES;
				CLANG_WARN_OBJC_IMPLICIT_RETAIN_SELF = YES;
				CLANG_WARN_OBJC_LITERAL_CONVERSION = YES;
				CLANG_WARN_OBJC_ROOT_CLASS = YES_ERROR;
				CLANG_WARN_QUOTED_INCLUDE_IN_FRAMEWORK_HEADER = YES;
				CLANG_WARN_RANGE_LOOP_ANALYSIS = YES;
				CLANG_WARN_STRICT_PROTOTYPES = YES;
				CLANG_WARN_SUSPICIOUS_MOVE = YES;
				CLANG_WARN_UNGUARDED_AVAILABILITY = YES_AGGRESSIVE;
				CLANG_WARN_UNREACHABLE_CODE = YES;
				CLANG_WARN__DUPLICATE_METHOD_MATCH = YES;
				COPY_PHASE_STRIP = NO;
				DEBUG_INFORMATION_FORMAT = "dwarf-with-dsym";
				ENABLE_NS_ASSERTIONS = NO;
				ENABLE_STRICT_OBJC_MSGSEND = YES;
				GCC_C_LANGUAGE_STANDARD = gnu11;
				GCC_NO_COMMON_BLOCKS = YES;
				GCC_WARN_64_TO_32_BIT_CONVERSION = YES;
				GCC_WARN_ABOUT_RETURN_TYPE = YES_ERROR;
				GCC_WARN_UNDECLARED_SELECTOR = YES;
				GCC_WARN_UNINITIALIZED_AUTOS = YES_AGGRESSIVE;
				GCC_WARN_UNUSED_FUNCTION = YES;
				GCC_WARN_UNUSED_VARIABLE = YES;
				IPHONEOS_DEPLOYMENT_TARGET = 13.2;
				MACOSX_DEPLOYMENT_TARGET = 10.15.2;
				MTL_ENABLE_DEBUG_INFO = NO;
				MTL_FAST_MATH = YES;
				SDKROOT = macosx;
				SWIFT_COMPILATION_MODE = wholemodule;
				SWIFT_OPTIMIZATION_LEVEL = "-O";
			};
			name = Release;
		};
/* End XCBuildConfiguration section */

/* Begin XCConfigurationList section */
		D00EEADE281FB65C008B2679 /* Build configuration list for PBXNativeTarget "BXMediaBrowserDemoIOS" */ = {
			isa = XCConfigurationList;
			buildConfigurations = (
				D00EEADF281FB65C008B2679 /* Debug */,
				D00EEAE0281FB65C008B2679 /* Release */,
			);
			defaultConfigurationIsVisible = 0;
			defaultConfigurationName = Release;
		};
		D066B92B27AFE136003BCD51 /* Build configuration list for PBXNativeTarget "BXMediaBrowserDemoMac" */ = {
			isa = XCConfigurationList;
			buildConfigurations = (
				D066B92C27AFE136003BCD51 /* Debug */,
				D066B92D27AFE136003BCD51 /* Release */,
			);
			defaultConfigurationIsVisible = 0;
			defaultConfigurationName = Release;
		};
		D0A1B840275B882300BEA8E8 /* Build configuration list for PBXProject "BXMediaBrowserDemo" */ = {
			isa = XCConfigurationList;
			buildConfigurations = (
				D0A1B852275B882500BEA8E8 /* Debug */,
				D0A1B853275B882500BEA8E8 /* Release */,
			);
			defaultConfigurationIsVisible = 0;
			defaultConfigurationName = Release;
		};
/* End XCConfigurationList section */

/* Begin XCRemoteSwiftPackageReference section */
		D00DF1C327F71F0F00DC1D27 /* XCRemoteSwiftPackageReference "OAuth2" */ = {
			isa = XCRemoteSwiftPackageReference;
			repositoryURL = "https://github.com/p2/OAuth2.git";
			requirement = {
				kind = upToNextMajorVersion;
				minimumVersion = 5.0.0;
			};
		};
		D05F09E02774761D0037C3E4 /* XCRemoteSwiftPackageReference "BXMediaBrowser" */ = {
			isa = XCRemoteSwiftPackageReference;
			repositoryURL = "git@github.com:boinx/BXMediaBrowser.git";
			requirement = {
				branch = "iOS-compatibilty";
				kind = branch;
			};
		};
		D09F1B1D27A5A23500097FA9 /* XCRemoteSwiftPackageReference "BXSwiftUI" */ = {
			isa = XCRemoteSwiftPackageReference;
			repositoryURL = "git@github.com:boinx/BXSwiftUI.git";
			requirement = {
				branch = "iOS-compatibility";
				kind = branch;
			};
		};
		D0B2C71027C6A00C00278209 /* XCRemoteSwiftPackageReference "BXSwiftUtils" */ = {
			isa = XCRemoteSwiftPackageReference;
			repositoryURL = "git@github.com:boinx/BXSwiftUtils.git";
			requirement = {
				branch = master;
				kind = branch;
			};
		};
/* End XCRemoteSwiftPackageReference section */

/* Begin XCSwiftPackageProductDependency section */
		D00DF1C427F71F0F00DC1D27 /* OAuth2 */ = {
			isa = XCSwiftPackageProductDependency;
			package = D00DF1C327F71F0F00DC1D27 /* XCRemoteSwiftPackageReference "OAuth2" */;
			productName = OAuth2;
		};
		D00EEAE3281FBA40008B2679 /* OAuth2 */ = {
			isa = XCSwiftPackageProductDependency;
			package = D00DF1C327F71F0F00DC1D27 /* XCRemoteSwiftPackageReference "OAuth2" */;
			productName = OAuth2;
		};
		D00EEAE5281FBA50008B2679 /* BXSwiftUI */ = {
			isa = XCSwiftPackageProductDependency;
			package = D09F1B1D27A5A23500097FA9 /* XCRemoteSwiftPackageReference "BXSwiftUI" */;
			productName = BXSwiftUI;
		};
		D00EEAE7281FBA54008B2679 /* BXSwiftUtils */ = {
			isa = XCSwiftPackageProductDependency;
			package = D0B2C71027C6A00C00278209 /* XCRemoteSwiftPackageReference "BXSwiftUtils" */;
			productName = BXSwiftUtils;
		};
		D00EEAE9281FBA62008B2679 /* BXMediaBrowser */ = {
			isa = XCSwiftPackageProductDependency;
			package = D05F09E02774761D0037C3E4 /* XCRemoteSwiftPackageReference "BXMediaBrowser" */;
			productName = BXMediaBrowser;
		};
		D066B93427AFE62A003BCD51 /* BXMediaBrowser */ = {
			isa = XCSwiftPackageProductDependency;
			package = D05F09E02774761D0037C3E4 /* XCRemoteSwiftPackageReference "BXMediaBrowser" */;
			productName = BXMediaBrowser;
		};
		D0B2C71127C6A00C00278209 /* BXSwiftUtils */ = {
			isa = XCSwiftPackageProductDependency;
			package = D0B2C71027C6A00C00278209 /* XCRemoteSwiftPackageReference "BXSwiftUtils" */;
			productName = BXSwiftUtils;
		};
/* End XCSwiftPackageProductDependency section */
	};
	rootObject = D0A1B83D275B882300BEA8E8 /* Project object */;
}
