{
  "object": {
    "pins": [
      {
        "package": "BXSwiftUtils",
        "repositoryURL": "git@github.com:boinx/BXSwiftUtils.git",
        "state": {
          "branch": "master",
          "revision": "720ce2dec33454ad8fe4427db1539b59f5ddcf64",
          "version": null
        }
      }
    ]
  },
  "version": 1
}
